
Microsoft Visual Studio Solution File, Format Version 12.00
# Visual Studio Version 17
VisualStudioVersion = 17.2.32526.322
MinimumVisualStudioVersion = 10.0.40219.1
Project("{FAE04EC0-301F-11D3-BF4B-00C04F79EFBC}") = "MIAKGlab4", "MIAKGlab4\MIAKGlab4.csproj", "{5DF54F9C-2CD8-44E1-8FE0-C23E4BF97B2F}"
EndProject
Global
	GlobalSection(SolutionConfigurationPlatforms) = preSolution
		Debug|Any CPU = Debug|Any CPU
		Release|Any CPU = Release|Any CPU
	EndGlobalSection
	GlobalSection(ProjectConfigurationPlatforms) = postSolution
		{5DF54F9C-2CD8-44E1-8FE0-C23E4BF97B2F}.Debug|Any CPU.ActiveCfg = Debug|Any CPU
		{5DF54F9C-2CD8-44E1-8FE0-C23E4BF97B2F}.Debug|Any CPU.Build.0 = Debug|Any CPU
		{5DF54F9C-2CD8-44E1-8FE0-C23E4BF97B2F}.Release|Any CPU.ActiveCfg = Release|Any CPU
		{5DF54F9C-2CD8-44E1-8FE0-C23E4BF97B2F}.Release|Any CPU.Build.0 = Release|Any CPU
	EndGlobalSection
	GlobalSection(SolutionProperties) = preSolution
		HideSolutionNode = FALSE
	EndGlobalSection
	GlobalSection(ExtensibilityGlobals) = postSolution
		SolutionGuid = {91732111-FD75-4600-B8A0-F299F54616A7}
	EndGlobalSection
EndGlobal
